
Microsoft Visual Studio Solution File, Format Version 12.00
# Visual Studio Version 16
VisualStudioVersion = 16.0.29911.84
MinimumVisualStudioVersion = 10.0.40219.1
Project("{9A19103F-16F7-4668-BE54-9A1E7A4F7556}") = "ThisIsCSharp", "ThisIsCSharp\ThisIsCSharp.csproj", "{9068FFDF-FB6B-400B-A283-38A341D3B429}"
EndProject
Project("{9A19103F-16F7-4668-BE54-9A1E7A4F7556}") = "chapter6_method", "chapter6_method\chapter6_method.csproj", "{70502CC0-36CB-419D-9B83-83580765A361}"
EndProject
Project("{9A19103F-16F7-4668-BE54-9A1E7A4F7556}") = "SwapByRef", "SwapByRef\SwapByRef.csproj", "{D688D3F3-3EE4-43C1-87EC-F0236D00C29B}"
EndProject
Project("{9A19103F-16F7-4668-BE54-9A1E7A4F7556}") = "RefReturn", "RefReturn\RefReturn.csproj", "{D95993CE-01CE-4068-A875-984F4F965A58}"
EndProject
Project("{9A19103F-16F7-4668-BE54-9A1E7A4F7556}") = "UsingOut", "UsingOut\UsingOut.csproj", "{FB7F6DE4-A471-4D5C-8021-98BD784D2B77}"
EndProject
Project("{9A19103F-16F7-4668-BE54-9A1E7A4F7556}") = "UsingParams", "UsingParams\UsingParams.csproj", "{DCF1AA23-9CBE-4240-9A59-A61ACE737709}"
EndProject
Project("{9A19103F-16F7-4668-BE54-9A1E7A4F7556}") = "Ex6_3", "Ex6_3\Ex6_3.csproj", "{ACB67595-6630-43FA-B686-3F51744707D9}"
EndProject
Project("{9A19103F-16F7-4668-BE54-9A1E7A4F7556}") = "BasicClass", "BasicClass\BasicClass.csproj", "{2B8F03CA-6329-423E-BA9D-8CCE477A9114}"
EndProject
Project("{9A19103F-16F7-4668-BE54-9A1E7A4F7556}") = "DeepCopy", "DeepCopy\DeepCopy.csproj", "{7C24D55E-C724-422E-812A-F188B05A6785}"
EndProject
Project("{9A19103F-16F7-4668-BE54-9A1E7A4F7556}") = "ThisConstructor", "ThisConstructor\ThisConstructor.csproj", "{BF1652CA-65A1-45B7-A491-B47A8D0C7294}"
EndProject
Project("{9A19103F-16F7-4668-BE54-9A1E7A4F7556}") = "AccessModifier", "AccessModifier\AccessModifier.csproj", "{008A6ECC-9B06-4903-96D4-F89A4A11DDCD}"
EndProject
Project("{9A19103F-16F7-4668-BE54-9A1E7A4F7556}") = "Inheritance", "Inheritance\Inheritance.csproj", "{81A65A64-AC67-4346-A89C-4340613EEAE6}"
EndProject
Project("{9A19103F-16F7-4668-BE54-9A1E7A4F7556}") = "MyExtension", "MyExtension\MyExtension.csproj", "{1CA87A04-670B-4EA8-A857-10447588A7E9}"
EndProject
Project("{9A19103F-16F7-4668-BE54-9A1E7A4F7556}") = "Interface", "Interface\Interface.csproj", "{62E360A4-B2CA-46AC-B2C4-8159A0C5ADD3}"
EndProject
Project("{9A19103F-16F7-4668-BE54-9A1E7A4F7556}") = "MultiInterfaceInheritance", "MultiInterfaceInheritance\MultiInterfaceInheritance.csproj", "{96521DC3-0091-4D8B-8308-041CBDB9A9F4}"
EndProject
Project("{FAE04EC0-301F-11D3-BF4B-00C04F79EFBC}") = "MoreOnArray", "MoreOnArray\MoreOnArray.csproj", "{56B8E8A9-CDC7-4634-A9E5-C9FC96DBE92E}"
EndProject
Global
	GlobalSection(SolutionConfigurationPlatforms) = preSolution
		Debug|Any CPU = Debug|Any CPU
		Release|Any CPU = Release|Any CPU
	EndGlobalSection
	GlobalSection(ProjectConfigurationPlatforms) = postSolution
		{9068FFDF-FB6B-400B-A283-38A341D3B429}.Debug|Any CPU.ActiveCfg = Debug|Any CPU
		{9068FFDF-FB6B-400B-A283-38A341D3B429}.Debug|Any CPU.Build.0 = Debug|Any CPU
		{9068FFDF-FB6B-400B-A283-38A341D3B429}.Release|Any CPU.ActiveCfg = Release|Any CPU
		{9068FFDF-FB6B-400B-A283-38A341D3B429}.Release|Any CPU.Build.0 = Release|Any CPU
		{70502CC0-36CB-419D-9B83-83580765A361}.Debug|Any CPU.ActiveCfg = Debug|Any CPU
		{70502CC0-36CB-419D-9B83-83580765A361}.Debug|Any CPU.Build.0 = Debug|Any CPU
		{70502CC0-36CB-419D-9B83-83580765A361}.Release|Any CPU.ActiveCfg = Release|Any CPU
		{70502CC0-36CB-419D-9B83-83580765A361}.Release|Any CPU.Build.0 = Release|Any CPU
		{D688D3F3-3EE4-43C1-87EC-F0236D00C29B}.Debug|Any CPU.ActiveCfg = Debug|Any CPU
		{D688D3F3-3EE4-43C1-87EC-F0236D00C29B}.Debug|Any CPU.Build.0 = Debug|Any CPU
		{D688D3F3-3EE4-43C1-87EC-F0236D00C29B}.Release|Any CPU.ActiveCfg = Release|Any CPU
		{D688D3F3-3EE4-43C1-87EC-F0236D00C29B}.Release|Any CPU.Build.0 = Release|Any CPU
		{D95993CE-01CE-4068-A875-984F4F965A58}.Debug|Any CPU.ActiveCfg = Debug|Any CPU
		{D95993CE-01CE-4068-A875-984F4F965A58}.Debug|Any CPU.Build.0 = Debug|Any CPU
		{D95993CE-01CE-4068-A875-984F4F965A58}.Release|Any CPU.ActiveCfg = Release|Any CPU
		{D95993CE-01CE-4068-A875-984F4F965A58}.Release|Any CPU.Build.0 = Release|Any CPU
		{FB7F6DE4-A471-4D5C-8021-98BD784D2B77}.Debug|Any CPU.ActiveCfg = Debug|Any CPU
		{FB7F6DE4-A471-4D5C-8021-98BD784D2B77}.Debug|Any CPU.Build.0 = Debug|Any CPU
		{FB7F6DE4-A471-4D5C-8021-98BD784D2B77}.Release|Any CPU.ActiveCfg = Release|Any CPU
		{FB7F6DE4-A471-4D5C-8021-98BD784D2B77}.Release|Any CPU.Build.0 = Release|Any CPU
		{DCF1AA23-9CBE-4240-9A59-A61ACE737709}.Debug|Any CPU.ActiveCfg = Debug|Any CPU
		{DCF1AA23-9CBE-4240-9A59-A61ACE737709}.Debug|Any CPU.Build.0 = Debug|Any CPU
		{DCF1AA23-9CBE-4240-9A59-A61ACE737709}.Release|Any CPU.ActiveCfg = Release|Any CPU
		{DCF1AA23-9CBE-4240-9A59-A61ACE737709}.Release|Any CPU.Build.0 = Release|Any CPU
		{ACB67595-6630-43FA-B686-3F51744707D9}.Debug|Any CPU.ActiveCfg = Debug|Any CPU
		{ACB67595-6630-43FA-B686-3F51744707D9}.Debug|Any CPU.Build.0 = Debug|Any CPU
		{ACB67595-6630-43FA-B686-3F51744707D9}.Release|Any CPU.ActiveCfg = Release|Any CPU
		{ACB67595-6630-43FA-B686-3F51744707D9}.Release|Any CPU.Build.0 = Release|Any CPU
		{2B8F03CA-6329-423E-BA9D-8CCE477A9114}.Debug|Any CPU.ActiveCfg = Debug|Any CPU
		{2B8F03CA-6329-423E-BA9D-8CCE477A9114}.Debug|Any CPU.Build.0 = Debug|Any CPU
		{2B8F03CA-6329-423E-BA9D-8CCE477A9114}.Release|Any CPU.ActiveCfg = Release|Any CPU
		{2B8F03CA-6329-423E-BA9D-8CCE477A9114}.Release|Any CPU.Build.0 = Release|Any CPU
		{7C24D55E-C724-422E-812A-F188B05A6785}.Debug|Any CPU.ActiveCfg = Debug|Any CPU
		{7C24D55E-C724-422E-812A-F188B05A6785}.Debug|Any CPU.Build.0 = Debug|Any CPU
		{7C24D55E-C724-422E-812A-F188B05A6785}.Release|Any CPU.ActiveCfg = Release|Any CPU
		{7C24D55E-C724-422E-812A-F188B05A6785}.Release|Any CPU.Build.0 = Release|Any CPU
		{BF1652CA-65A1-45B7-A491-B47A8D0C7294}.Debug|Any CPU.ActiveCfg = Debug|Any CPU
		{BF1652CA-65A1-45B7-A491-B47A8D0C7294}.Debug|Any CPU.Build.0 = Debug|Any CPU
		{BF1652CA-65A1-45B7-A491-B47A8D0C7294}.Release|Any CPU.ActiveCfg = Release|Any CPU
		{BF1652CA-65A1-45B7-A491-B47A8D0C7294}.Release|Any CPU.Build.0 = Release|Any CPU
		{008A6ECC-9B06-4903-96D4-F89A4A11DDCD}.Debug|Any CPU.ActiveCfg = Debug|Any CPU
		{008A6ECC-9B06-4903-96D4-F89A4A11DDCD}.Debug|Any CPU.Build.0 = Debug|Any CPU
		{008A6ECC-9B06-4903-96D4-F89A4A11DDCD}.Release|Any CPU.ActiveCfg = Release|Any CPU
		{008A6ECC-9B06-4903-96D4-F89A4A11DDCD}.Release|Any CPU.Build.0 = Release|Any CPU
		{81A65A64-AC67-4346-A89C-4340613EEAE6}.Debug|Any CPU.ActiveCfg = Debug|Any CPU
		{81A65A64-AC67-4346-A89C-4340613EEAE6}.Debug|Any CPU.Build.0 = Debug|Any CPU
		{81A65A64-AC67-4346-A89C-4340613EEAE6}.Release|Any CPU.ActiveCfg = Release|Any CPU
		{81A65A64-AC67-4346-A89C-4340613EEAE6}.Release|Any CPU.Build.0 = Release|Any CPU
		{1CA87A04-670B-4EA8-A857-10447588A7E9}.Debug|Any CPU.ActiveCfg = Debug|Any CPU
		{1CA87A04-670B-4EA8-A857-10447588A7E9}.Debug|Any CPU.Build.0 = Debug|Any CPU
		{1CA87A04-670B-4EA8-A857-10447588A7E9}.Release|Any CPU.ActiveCfg = Release|Any CPU
		{1CA87A04-670B-4EA8-A857-10447588A7E9}.Release|Any CPU.Build.0 = Release|Any CPU
		{62E360A4-B2CA-46AC-B2C4-8159A0C5ADD3}.Debug|Any CPU.ActiveCfg = Debug|Any CPU
		{62E360A4-B2CA-46AC-B2C4-8159A0C5ADD3}.Debug|Any CPU.Build.0 = Debug|Any CPU
		{62E360A4-B2CA-46AC-B2C4-8159A0C5ADD3}.Release|Any CPU.ActiveCfg = Release|Any CPU
		{62E360A4-B2CA-46AC-B2C4-8159A0C5ADD3}.Release|Any CPU.Build.0 = Release|Any CPU
		{96521DC3-0091-4D8B-8308-041CBDB9A9F4}.Debug|Any CPU.ActiveCfg = Debug|Any CPU
		{96521DC3-0091-4D8B-8308-041CBDB9A9F4}.Debug|Any CPU.Build.0 = Debug|Any CPU
		{96521DC3-0091-4D8B-8308-041CBDB9A9F4}.Release|Any CPU.ActiveCfg = Release|Any CPU
		{96521DC3-0091-4D8B-8308-041CBDB9A9F4}.Release|Any CPU.Build.0 = Release|Any CPU
		{56B8E8A9-CDC7-4634-A9E5-C9FC96DBE92E}.Debug|Any CPU.ActiveCfg = Debug|Any CPU
		{56B8E8A9-CDC7-4634-A9E5-C9FC96DBE92E}.Debug|Any CPU.Build.0 = Debug|Any CPU
		{56B8E8A9-CDC7-4634-A9E5-C9FC96DBE92E}.Release|Any CPU.ActiveCfg = Release|Any CPU
		{56B8E8A9-CDC7-4634-A9E5-C9FC96DBE92E}.Release|Any CPU.Build.0 = Release|Any CPU
	EndGlobalSection
	GlobalSection(SolutionProperties) = preSolution
		HideSolutionNode = FALSE
	EndGlobalSection
	GlobalSection(ExtensibilityGlobals) = postSolution
		SolutionGuid = {65E63692-1835-4B27-939E-0FD6C47B3987}
	EndGlobalSection
EndGlobal
