
Microsoft Visual Studio Solution File, Format Version 12.00
# Visual Studio Version 16
VisualStudioVersion = 16.0.29911.84
MinimumVisualStudioVersion = 10.0.40219.1
Project("{9A19103F-16F7-4668-BE54-9A1E7A4F7556}") = "ThisIsCSharp", "ThisIsCSharp\ThisIsCSharp.csproj", "{9068FFDF-FB6B-400B-A283-38A341D3B429}"
EndProject
Project("{9A19103F-16F7-4668-BE54-9A1E7A4F7556}") = "chapter6_method", "chapter6_method\chapter6_method.csproj", "{70502CC0-36CB-419D-9B83-83580765A361}"
EndProject
Project("{9A19103F-16F7-4668-BE54-9A1E7A4F7556}") = "SwapByRef", "SwapByRef\SwapByRef.csproj", "{D688D3F3-3EE4-43C1-87EC-F0236D00C29B}"
EndProject
Project("{9A19103F-16F7-4668-BE54-9A1E7A4F7556}") = "RefReturn", "RefReturn\RefReturn.csproj", "{D95993CE-01CE-4068-A875-984F4F965A58}"
EndProject
Project("{9A19103F-16F7-4668-BE54-9A1E7A4F7556}") = "UsingOut", "UsingOut\UsingOut.csproj", "{FB7F6DE4-A471-4D5C-8021-98BD784D2B77}"
EndProject
Project("{9A19103F-16F7-4668-BE54-9A1E7A4F7556}") = "UsingParams", "UsingParams\UsingParams.csproj", "{DCF1AA23-9CBE-4240-9A59-A61ACE737709}"
EndProject
Project("{9A19103F-16F7-4668-BE54-9A1E7A4F7556}") = "Ex6_3", "Ex6_3\Ex6_3.csproj", "{ACB67595-6630-43FA-B686-3F51744707D9}"
EndProject
Project("{9A19103F-16F7-4668-BE54-9A1E7A4F7556}") = "BasicClass", "BasicClass\BasicClass.csproj", "{2B8F03CA-6329-423E-BA9D-8CCE477A9114}"
EndProject
Project("{9A19103F-16F7-4668-BE54-9A1E7A4F7556}") = "DeepCopy", "DeepCopy\DeepCopy.csproj", "{7C24D55E-C724-422E-812A-F188B05A6785}"
EndProject
Project("{9A19103F-16F7-4668-BE54-9A1E7A4F7556}") = "ThisConstructor", "ThisConstructor\ThisConstructor.csproj", "{BF1652CA-65A1-45B7-A491-B47A8D0C7294}"
EndProject
Project("{9A19103F-16F7-4668-BE54-9A1E7A4F7556}") = "AccessModifier", "AccessModifier\AccessModifier.csproj", "{008A6ECC-9B06-4903-96D4-F89A4A11DDCD}"
EndProject
Project("{9A19103F-16F7-4668-BE54-9A1E7A4F7556}") = "Inheritance", "Inheritance\Inheritance.csproj", "{81A65A64-AC67-4346-A89C-4340613EEAE6}"
EndProject
Project("{9A19103F-16F7-4668-BE54-9A1E7A4F7556}") = "MyExtension", "MyExtension\MyExtension.csproj", "{1CA87A04-670B-4EA8-A857-10447588A7E9}"
EndProject
Project("{9A19103F-16F7-4668-BE54-9A1E7A4F7556}") = "Interface", "Interface\Interface.csproj", "{62E360A4-B2CA-46AC-B2C4-8159A0C5ADD3}"
EndProject
Project("{9A19103F-16F7-4668-BE54-9A1E7A4F7556}") = "MultiInterfaceInheritance", "MultiInterfaceInheritance\MultiInterfaceInheritance.csproj", "{96521DC3-0091-4D8B-8308-041CBDB9A9F4}"
EndProject
Project("{9A19103F-16F7-4668-BE54-9A1E7A4F7556}") = "MoreOnArray", "MoreOnArray\MoreOnArray.csproj", "{56B8E8A9-CDC7-4634-A9E5-C9FC96DBE92E}"
EndProject
Project("{9A19103F-16F7-4668-BE54-9A1E7A4F7556}") = "UsingList", "UsingList\UsingList.csproj", "{E07FDA77-8F4A-41D1-A213-5A398B43FA68}"
EndProject
Project("{9A19103F-16F7-4668-BE54-9A1E7A4F7556}") = "Enumerable", "Enumerable\Enumerable.csproj", "{55A5DE85-1C51-4AE1-94C8-A6B8531FCB17}"
EndProject
Project("{9A19103F-16F7-4668-BE54-9A1E7A4F7556}") = "CopyingArray", "CopyingArray\CopyingArray.csproj", "{B9913AC2-4B91-4F22-8303-E5A0D1082D2F}"
EndProject
Project("{9A19103F-16F7-4668-BE54-9A1E7A4F7556}") = "twosum", "twosum\twosum.csproj", "{EEE21C15-6118-45AC-9058-5E949CEE89EF}"
EndProject
Project("{9A19103F-16F7-4668-BE54-9A1E7A4F7556}") = "Enum", "Enum\Enum.csproj", "{6A3C831F-3441-44B5-A0C9-EA4ACDB63C98}"
EndProject
Project("{9A19103F-16F7-4668-BE54-9A1E7A4F7556}") = "Nullable", "Nullable\Nullable.csproj", "{5B1BABC4-2213-467E-93C5-C1D2831BBE18}"
EndProject
Project("{9A19103F-16F7-4668-BE54-9A1E7A4F7556}") = "GenericsEx", "GenericsEx\GenericsEx.csproj", "{AA67025C-530A-4A0A-9DE8-AEAEF485BC96}"
EndProject
Project("{9A19103F-16F7-4668-BE54-9A1E7A4F7556}") = "GenericEx2", "GenericEx2\GenericEx2.csproj", "{F957F756-B0A1-4798-A928-B67BF2B761D3}"
EndProject
Project("{9A19103F-16F7-4668-BE54-9A1E7A4F7556}") = "GenericsConstraintEx", "GenericsConstraintEx\GenericsConstraintEx.csproj", "{8EC3A4BA-71E8-42A4-88D3-3BD9C395E1A5}"
EndProject
Project("{9A19103F-16F7-4668-BE54-9A1E7A4F7556}") = "GenericCollectionEx", "GenericCollectionEx\GenericCollectionEx.csproj", "{5903A9FC-AEEF-43A8-9FC1-EDF388CC4D1F}"
EndProject
Project("{9A19103F-16F7-4668-BE54-9A1E7A4F7556}") = "GenericCollectionsEx2", "GenericCollectionsEx2\GenericCollectionsEx2.csproj", "{82110302-6E20-4994-8356-F0D10BCBBFD4}"
EndProject
Project("{9A19103F-16F7-4668-BE54-9A1E7A4F7556}") = "GenericCollectionsEx3", "GenericCollectionsEx3\GenericCollectionsEx3.csproj", "{3C969444-0A31-40AB-BDBF-8B6CF09255C9}"
EndProject
Project("{9A19103F-16F7-4668-BE54-9A1E7A4F7556}") = "GenericCollectionsEx4", "GenericCollectionsEx4\GenericCollectionsEx4.csproj", "{F5401E68-4467-42BB-A212-38418013A8D3}"
EndProject
Project("{9A19103F-16F7-4668-BE54-9A1E7A4F7556}") = "DelegateDemo", "DelegateDemo\DelegateDemo.csproj", "{4F063187-3E1E-4662-9440-CEC04B64EE0A}"
EndProject
Project("{9A19103F-16F7-4668-BE54-9A1E7A4F7556}") = "AnonymousMethodsandLambdaExpression", "AnonymousMethodsandLambdaExpression\AnonymousMethodsandLambdaExpression.csproj", "{6ACEA9AD-85FB-4578-A21A-EC3C19BCB2E5}"
EndProject
Project("{9A19103F-16F7-4668-BE54-9A1E7A4F7556}") = "ThreadTest", "ThreadTest\ThreadTest.csproj", "{08F410F5-DE7D-4F75-A22D-1FDEA4145DE1}"
EndProject
Project("{9A19103F-16F7-4668-BE54-9A1E7A4F7556}") = "UsingCallback", "UsingCallback\UsingCallback.csproj", "{B81B179E-B4A8-4B13-9E0B-9E9058AE8540}"
EndProject
Project("{9A19103F-16F7-4668-BE54-9A1E7A4F7556}") = "DelegateChains", "DelegateChains\DelegateChains.csproj", "{C5966C00-8BA3-417C-905E-1E4E3B3A11E7}"
EndProject
Project("{9A19103F-16F7-4668-BE54-9A1E7A4F7556}") = "EventHandler", "EventHandler\EventHandler.csproj", "{13F845BA-CA7E-4B82-8FAF-92BEDA2BED47}"
EndProject
Project("{9A19103F-16F7-4668-BE54-9A1E7A4F7556}") = "BasicAttribute", "BasicAttribute\BasicAttribute.csproj", "{62F3D20B-9790-4CF2-A563-B7733623145B}"
EndProject
Project("{9A19103F-16F7-4668-BE54-9A1E7A4F7556}") = "CallerInfo", "CallerInfo\CallerInfo.csproj", "{460E9C38-2C26-465E-9F50-94BC155E184F}"
EndProject
Project("{9A19103F-16F7-4668-BE54-9A1E7A4F7556}") = "Async", "Async\Async.csproj", "{A7AA5186-B80F-4CE7-90EC-D1674CBCED5F}"
EndProject
Project("{9A19103F-16F7-4668-BE54-9A1E7A4F7556}") = "FileStreamDemo", "FileStreamDemo\FileStreamDemo.csproj", "{1F26F62A-B6F1-470A-9E0D-496089DF8D5C}"
EndProject
Project("{9A19103F-16F7-4668-BE54-9A1E7A4F7556}") = "SupportCompressionEncryption", "SupportCompressionEncryption\SupportCompressionEncryption.csproj", "{67E90D35-A458-4451-903D-B0FF6BAA5776}"
EndProject
Project("{9A19103F-16F7-4668-BE54-9A1E7A4F7556}") = "FileInputOutputEx", "FileInputOutputEx\FileInputOutputEx.csproj", "{AB48768D-7660-43FE-B667-651ABA1B83F1}"
EndProject
Project("{9A19103F-16F7-4668-BE54-9A1E7A4F7556}") = "stringbuilderEx", "stringbuilderEx\stringbuilderEx.csproj", "{0FC0F9D0-563F-42EF-BF51-C3685D108636}"
EndProject
Project("{9A19103F-16F7-4668-BE54-9A1E7A4F7556}") = "UriEx", "UriEx\UriEx.csproj", "{503F836D-FF64-4513-AD0C-5960AFFE9CC7}"
EndProject
Project("{FAE04EC0-301F-11D3-BF4B-00C04F79EFBC}") = "PrintPreviewInCSharp", "PrintPreviewInCSharp\PrintPreviewInCSharp.csproj", "{03D04510-C669-45C6-A766-90420122E8F0}"
EndProject
Global
	GlobalSection(SolutionConfigurationPlatforms) = preSolution
		Debug|Any CPU = Debug|Any CPU
		Release|Any CPU = Release|Any CPU
	EndGlobalSection
	GlobalSection(ProjectConfigurationPlatforms) = postSolution
		{9068FFDF-FB6B-400B-A283-38A341D3B429}.Debug|Any CPU.ActiveCfg = Debug|Any CPU
		{9068FFDF-FB6B-400B-A283-38A341D3B429}.Debug|Any CPU.Build.0 = Debug|Any CPU
		{9068FFDF-FB6B-400B-A283-38A341D3B429}.Release|Any CPU.ActiveCfg = Release|Any CPU
		{9068FFDF-FB6B-400B-A283-38A341D3B429}.Release|Any CPU.Build.0 = Release|Any CPU
		{70502CC0-36CB-419D-9B83-83580765A361}.Debug|Any CPU.ActiveCfg = Debug|Any CPU
		{70502CC0-36CB-419D-9B83-83580765A361}.Debug|Any CPU.Build.0 = Debug|Any CPU
		{70502CC0-36CB-419D-9B83-83580765A361}.Release|Any CPU.ActiveCfg = Release|Any CPU
		{70502CC0-36CB-419D-9B83-83580765A361}.Release|Any CPU.Build.0 = Release|Any CPU
		{D688D3F3-3EE4-43C1-87EC-F0236D00C29B}.Debug|Any CPU.ActiveCfg = Debug|Any CPU
		{D688D3F3-3EE4-43C1-87EC-F0236D00C29B}.Debug|Any CPU.Build.0 = Debug|Any CPU
		{D688D3F3-3EE4-43C1-87EC-F0236D00C29B}.Release|Any CPU.ActiveCfg = Release|Any CPU
		{D688D3F3-3EE4-43C1-87EC-F0236D00C29B}.Release|Any CPU.Build.0 = Release|Any CPU
		{D95993CE-01CE-4068-A875-984F4F965A58}.Debug|Any CPU.ActiveCfg = Debug|Any CPU
		{D95993CE-01CE-4068-A875-984F4F965A58}.Debug|Any CPU.Build.0 = Debug|Any CPU
		{D95993CE-01CE-4068-A875-984F4F965A58}.Release|Any CPU.ActiveCfg = Release|Any CPU
		{D95993CE-01CE-4068-A875-984F4F965A58}.Release|Any CPU.Build.0 = Release|Any CPU
		{FB7F6DE4-A471-4D5C-8021-98BD784D2B77}.Debug|Any CPU.ActiveCfg = Debug|Any CPU
		{FB7F6DE4-A471-4D5C-8021-98BD784D2B77}.Debug|Any CPU.Build.0 = Debug|Any CPU
		{FB7F6DE4-A471-4D5C-8021-98BD784D2B77}.Release|Any CPU.ActiveCfg = Release|Any CPU
		{FB7F6DE4-A471-4D5C-8021-98BD784D2B77}.Release|Any CPU.Build.0 = Release|Any CPU
		{DCF1AA23-9CBE-4240-9A59-A61ACE737709}.Debug|Any CPU.ActiveCfg = Debug|Any CPU
		{DCF1AA23-9CBE-4240-9A59-A61ACE737709}.Debug|Any CPU.Build.0 = Debug|Any CPU
		{DCF1AA23-9CBE-4240-9A59-A61ACE737709}.Release|Any CPU.ActiveCfg = Release|Any CPU
		{DCF1AA23-9CBE-4240-9A59-A61ACE737709}.Release|Any CPU.Build.0 = Release|Any CPU
		{ACB67595-6630-43FA-B686-3F51744707D9}.Debug|Any CPU.ActiveCfg = Debug|Any CPU
		{ACB67595-6630-43FA-B686-3F51744707D9}.Debug|Any CPU.Build.0 = Debug|Any CPU
		{ACB67595-6630-43FA-B686-3F51744707D9}.Release|Any CPU.ActiveCfg = Release|Any CPU
		{ACB67595-6630-43FA-B686-3F51744707D9}.Release|Any CPU.Build.0 = Release|Any CPU
		{2B8F03CA-6329-423E-BA9D-8CCE477A9114}.Debug|Any CPU.ActiveCfg = Debug|Any CPU
		{2B8F03CA-6329-423E-BA9D-8CCE477A9114}.Debug|Any CPU.Build.0 = Debug|Any CPU
		{2B8F03CA-6329-423E-BA9D-8CCE477A9114}.Release|Any CPU.ActiveCfg = Release|Any CPU
		{2B8F03CA-6329-423E-BA9D-8CCE477A9114}.Release|Any CPU.Build.0 = Release|Any CPU
		{7C24D55E-C724-422E-812A-F188B05A6785}.Debug|Any CPU.ActiveCfg = Debug|Any CPU
		{7C24D55E-C724-422E-812A-F188B05A6785}.Debug|Any CPU.Build.0 = Debug|Any CPU
		{7C24D55E-C724-422E-812A-F188B05A6785}.Release|Any CPU.ActiveCfg = Release|Any CPU
		{7C24D55E-C724-422E-812A-F188B05A6785}.Release|Any CPU.Build.0 = Release|Any CPU
		{BF1652CA-65A1-45B7-A491-B47A8D0C7294}.Debug|Any CPU.ActiveCfg = Debug|Any CPU
		{BF1652CA-65A1-45B7-A491-B47A8D0C7294}.Debug|Any CPU.Build.0 = Debug|Any CPU
		{BF1652CA-65A1-45B7-A491-B47A8D0C7294}.Release|Any CPU.ActiveCfg = Release|Any CPU
		{BF1652CA-65A1-45B7-A491-B47A8D0C7294}.Release|Any CPU.Build.0 = Release|Any CPU
		{008A6ECC-9B06-4903-96D4-F89A4A11DDCD}.Debug|Any CPU.ActiveCfg = Debug|Any CPU
		{008A6ECC-9B06-4903-96D4-F89A4A11DDCD}.Debug|Any CPU.Build.0 = Debug|Any CPU
		{008A6ECC-9B06-4903-96D4-F89A4A11DDCD}.Release|Any CPU.ActiveCfg = Release|Any CPU
		{008A6ECC-9B06-4903-96D4-F89A4A11DDCD}.Release|Any CPU.Build.0 = Release|Any CPU
		{81A65A64-AC67-4346-A89C-4340613EEAE6}.Debug|Any CPU.ActiveCfg = Debug|Any CPU
		{81A65A64-AC67-4346-A89C-4340613EEAE6}.Debug|Any CPU.Build.0 = Debug|Any CPU
		{81A65A64-AC67-4346-A89C-4340613EEAE6}.Release|Any CPU.ActiveCfg = Release|Any CPU
		{81A65A64-AC67-4346-A89C-4340613EEAE6}.Release|Any CPU.Build.0 = Release|Any CPU
		{1CA87A04-670B-4EA8-A857-10447588A7E9}.Debug|Any CPU.ActiveCfg = Debug|Any CPU
		{1CA87A04-670B-4EA8-A857-10447588A7E9}.Debug|Any CPU.Build.0 = Debug|Any CPU
		{1CA87A04-670B-4EA8-A857-10447588A7E9}.Release|Any CPU.ActiveCfg = Release|Any CPU
		{1CA87A04-670B-4EA8-A857-10447588A7E9}.Release|Any CPU.Build.0 = Release|Any CPU
		{62E360A4-B2CA-46AC-B2C4-8159A0C5ADD3}.Debug|Any CPU.ActiveCfg = Debug|Any CPU
		{62E360A4-B2CA-46AC-B2C4-8159A0C5ADD3}.Debug|Any CPU.Build.0 = Debug|Any CPU
		{62E360A4-B2CA-46AC-B2C4-8159A0C5ADD3}.Release|Any CPU.ActiveCfg = Release|Any CPU
		{62E360A4-B2CA-46AC-B2C4-8159A0C5ADD3}.Release|Any CPU.Build.0 = Release|Any CPU
		{96521DC3-0091-4D8B-8308-041CBDB9A9F4}.Debug|Any CPU.ActiveCfg = Debug|Any CPU
		{96521DC3-0091-4D8B-8308-041CBDB9A9F4}.Debug|Any CPU.Build.0 = Debug|Any CPU
		{96521DC3-0091-4D8B-8308-041CBDB9A9F4}.Release|Any CPU.ActiveCfg = Release|Any CPU
		{96521DC3-0091-4D8B-8308-041CBDB9A9F4}.Release|Any CPU.Build.0 = Release|Any CPU
		{56B8E8A9-CDC7-4634-A9E5-C9FC96DBE92E}.Debug|Any CPU.ActiveCfg = Debug|Any CPU
		{56B8E8A9-CDC7-4634-A9E5-C9FC96DBE92E}.Debug|Any CPU.Build.0 = Debug|Any CPU
		{56B8E8A9-CDC7-4634-A9E5-C9FC96DBE92E}.Release|Any CPU.ActiveCfg = Release|Any CPU
		{56B8E8A9-CDC7-4634-A9E5-C9FC96DBE92E}.Release|Any CPU.Build.0 = Release|Any CPU
		{E07FDA77-8F4A-41D1-A213-5A398B43FA68}.Debug|Any CPU.ActiveCfg = Debug|Any CPU
		{E07FDA77-8F4A-41D1-A213-5A398B43FA68}.Debug|Any CPU.Build.0 = Debug|Any CPU
		{E07FDA77-8F4A-41D1-A213-5A398B43FA68}.Release|Any CPU.ActiveCfg = Release|Any CPU
		{E07FDA77-8F4A-41D1-A213-5A398B43FA68}.Release|Any CPU.Build.0 = Release|Any CPU
		{55A5DE85-1C51-4AE1-94C8-A6B8531FCB17}.Debug|Any CPU.ActiveCfg = Debug|Any CPU
		{55A5DE85-1C51-4AE1-94C8-A6B8531FCB17}.Debug|Any CPU.Build.0 = Debug|Any CPU
		{55A5DE85-1C51-4AE1-94C8-A6B8531FCB17}.Release|Any CPU.ActiveCfg = Release|Any CPU
		{55A5DE85-1C51-4AE1-94C8-A6B8531FCB17}.Release|Any CPU.Build.0 = Release|Any CPU
		{B9913AC2-4B91-4F22-8303-E5A0D1082D2F}.Debug|Any CPU.ActiveCfg = Debug|Any CPU
		{B9913AC2-4B91-4F22-8303-E5A0D1082D2F}.Debug|Any CPU.Build.0 = Debug|Any CPU
		{B9913AC2-4B91-4F22-8303-E5A0D1082D2F}.Release|Any CPU.ActiveCfg = Release|Any CPU
		{B9913AC2-4B91-4F22-8303-E5A0D1082D2F}.Release|Any CPU.Build.0 = Release|Any CPU
		{EEE21C15-6118-45AC-9058-5E949CEE89EF}.Debug|Any CPU.ActiveCfg = Debug|Any CPU
		{EEE21C15-6118-45AC-9058-5E949CEE89EF}.Debug|Any CPU.Build.0 = Debug|Any CPU
		{EEE21C15-6118-45AC-9058-5E949CEE89EF}.Release|Any CPU.ActiveCfg = Release|Any CPU
		{EEE21C15-6118-45AC-9058-5E949CEE89EF}.Release|Any CPU.Build.0 = Release|Any CPU
		{6A3C831F-3441-44B5-A0C9-EA4ACDB63C98}.Debug|Any CPU.ActiveCfg = Debug|Any CPU
		{6A3C831F-3441-44B5-A0C9-EA4ACDB63C98}.Debug|Any CPU.Build.0 = Debug|Any CPU
		{6A3C831F-3441-44B5-A0C9-EA4ACDB63C98}.Release|Any CPU.ActiveCfg = Release|Any CPU
		{6A3C831F-3441-44B5-A0C9-EA4ACDB63C98}.Release|Any CPU.Build.0 = Release|Any CPU
		{5B1BABC4-2213-467E-93C5-C1D2831BBE18}.Debug|Any CPU.ActiveCfg = Debug|Any CPU
		{5B1BABC4-2213-467E-93C5-C1D2831BBE18}.Debug|Any CPU.Build.0 = Debug|Any CPU
		{5B1BABC4-2213-467E-93C5-C1D2831BBE18}.Release|Any CPU.ActiveCfg = Release|Any CPU
		{5B1BABC4-2213-467E-93C5-C1D2831BBE18}.Release|Any CPU.Build.0 = Release|Any CPU
		{AA67025C-530A-4A0A-9DE8-AEAEF485BC96}.Debug|Any CPU.ActiveCfg = Debug|Any CPU
		{AA67025C-530A-4A0A-9DE8-AEAEF485BC96}.Debug|Any CPU.Build.0 = Debug|Any CPU
		{AA67025C-530A-4A0A-9DE8-AEAEF485BC96}.Release|Any CPU.ActiveCfg = Release|Any CPU
		{AA67025C-530A-4A0A-9DE8-AEAEF485BC96}.Release|Any CPU.Build.0 = Release|Any CPU
		{F957F756-B0A1-4798-A928-B67BF2B761D3}.Debug|Any CPU.ActiveCfg = Debug|Any CPU
		{F957F756-B0A1-4798-A928-B67BF2B761D3}.Debug|Any CPU.Build.0 = Debug|Any CPU
		{F957F756-B0A1-4798-A928-B67BF2B761D3}.Release|Any CPU.ActiveCfg = Release|Any CPU
		{F957F756-B0A1-4798-A928-B67BF2B761D3}.Release|Any CPU.Build.0 = Release|Any CPU
		{8EC3A4BA-71E8-42A4-88D3-3BD9C395E1A5}.Debug|Any CPU.ActiveCfg = Debug|Any CPU
		{8EC3A4BA-71E8-42A4-88D3-3BD9C395E1A5}.Debug|Any CPU.Build.0 = Debug|Any CPU
		{8EC3A4BA-71E8-42A4-88D3-3BD9C395E1A5}.Release|Any CPU.ActiveCfg = Release|Any CPU
		{8EC3A4BA-71E8-42A4-88D3-3BD9C395E1A5}.Release|Any CPU.Build.0 = Release|Any CPU
		{5903A9FC-AEEF-43A8-9FC1-EDF388CC4D1F}.Debug|Any CPU.ActiveCfg = Debug|Any CPU
		{5903A9FC-AEEF-43A8-9FC1-EDF388CC4D1F}.Debug|Any CPU.Build.0 = Debug|Any CPU
		{5903A9FC-AEEF-43A8-9FC1-EDF388CC4D1F}.Release|Any CPU.ActiveCfg = Release|Any CPU
		{5903A9FC-AEEF-43A8-9FC1-EDF388CC4D1F}.Release|Any CPU.Build.0 = Release|Any CPU
		{82110302-6E20-4994-8356-F0D10BCBBFD4}.Debug|Any CPU.ActiveCfg = Debug|Any CPU
		{82110302-6E20-4994-8356-F0D10BCBBFD4}.Debug|Any CPU.Build.0 = Debug|Any CPU
		{82110302-6E20-4994-8356-F0D10BCBBFD4}.Release|Any CPU.ActiveCfg = Release|Any CPU
		{82110302-6E20-4994-8356-F0D10BCBBFD4}.Release|Any CPU.Build.0 = Release|Any CPU
		{3C969444-0A31-40AB-BDBF-8B6CF09255C9}.Debug|Any CPU.ActiveCfg = Debug|Any CPU
		{3C969444-0A31-40AB-BDBF-8B6CF09255C9}.Debug|Any CPU.Build.0 = Debug|Any CPU
		{3C969444-0A31-40AB-BDBF-8B6CF09255C9}.Release|Any CPU.ActiveCfg = Release|Any CPU
		{3C969444-0A31-40AB-BDBF-8B6CF09255C9}.Release|Any CPU.Build.0 = Release|Any CPU
		{F5401E68-4467-42BB-A212-38418013A8D3}.Debug|Any CPU.ActiveCfg = Debug|Any CPU
		{F5401E68-4467-42BB-A212-38418013A8D3}.Debug|Any CPU.Build.0 = Debug|Any CPU
		{F5401E68-4467-42BB-A212-38418013A8D3}.Release|Any CPU.ActiveCfg = Release|Any CPU
		{F5401E68-4467-42BB-A212-38418013A8D3}.Release|Any CPU.Build.0 = Release|Any CPU
		{4F063187-3E1E-4662-9440-CEC04B64EE0A}.Debug|Any CPU.ActiveCfg = Debug|Any CPU
		{4F063187-3E1E-4662-9440-CEC04B64EE0A}.Debug|Any CPU.Build.0 = Debug|Any CPU
		{4F063187-3E1E-4662-9440-CEC04B64EE0A}.Release|Any CPU.ActiveCfg = Release|Any CPU
		{4F063187-3E1E-4662-9440-CEC04B64EE0A}.Release|Any CPU.Build.0 = Release|Any CPU
		{6ACEA9AD-85FB-4578-A21A-EC3C19BCB2E5}.Debug|Any CPU.ActiveCfg = Debug|Any CPU
		{6ACEA9AD-85FB-4578-A21A-EC3C19BCB2E5}.Debug|Any CPU.Build.0 = Debug|Any CPU
		{6ACEA9AD-85FB-4578-A21A-EC3C19BCB2E5}.Release|Any CPU.ActiveCfg = Release|Any CPU
		{6ACEA9AD-85FB-4578-A21A-EC3C19BCB2E5}.Release|Any CPU.Build.0 = Release|Any CPU
		{08F410F5-DE7D-4F75-A22D-1FDEA4145DE1}.Debug|Any CPU.ActiveCfg = Debug|Any CPU
		{08F410F5-DE7D-4F75-A22D-1FDEA4145DE1}.Debug|Any CPU.Build.0 = Debug|Any CPU
		{08F410F5-DE7D-4F75-A22D-1FDEA4145DE1}.Release|Any CPU.ActiveCfg = Release|Any CPU
		{08F410F5-DE7D-4F75-A22D-1FDEA4145DE1}.Release|Any CPU.Build.0 = Release|Any CPU
		{B81B179E-B4A8-4B13-9E0B-9E9058AE8540}.Debug|Any CPU.ActiveCfg = Debug|Any CPU
		{B81B179E-B4A8-4B13-9E0B-9E9058AE8540}.Debug|Any CPU.Build.0 = Debug|Any CPU
		{B81B179E-B4A8-4B13-9E0B-9E9058AE8540}.Release|Any CPU.ActiveCfg = Release|Any CPU
		{B81B179E-B4A8-4B13-9E0B-9E9058AE8540}.Release|Any CPU.Build.0 = Release|Any CPU
		{C5966C00-8BA3-417C-905E-1E4E3B3A11E7}.Debug|Any CPU.ActiveCfg = Debug|Any CPU
		{C5966C00-8BA3-417C-905E-1E4E3B3A11E7}.Debug|Any CPU.Build.0 = Debug|Any CPU
		{C5966C00-8BA3-417C-905E-1E4E3B3A11E7}.Release|Any CPU.ActiveCfg = Release|Any CPU
		{C5966C00-8BA3-417C-905E-1E4E3B3A11E7}.Release|Any CPU.Build.0 = Release|Any CPU
		{13F845BA-CA7E-4B82-8FAF-92BEDA2BED47}.Debug|Any CPU.ActiveCfg = Debug|Any CPU
		{13F845BA-CA7E-4B82-8FAF-92BEDA2BED47}.Debug|Any CPU.Build.0 = Debug|Any CPU
		{13F845BA-CA7E-4B82-8FAF-92BEDA2BED47}.Release|Any CPU.ActiveCfg = Release|Any CPU
		{13F845BA-CA7E-4B82-8FAF-92BEDA2BED47}.Release|Any CPU.Build.0 = Release|Any CPU
		{62F3D20B-9790-4CF2-A563-B7733623145B}.Debug|Any CPU.ActiveCfg = Debug|Any CPU
		{62F3D20B-9790-4CF2-A563-B7733623145B}.Debug|Any CPU.Build.0 = Debug|Any CPU
		{62F3D20B-9790-4CF2-A563-B7733623145B}.Release|Any CPU.ActiveCfg = Release|Any CPU
		{62F3D20B-9790-4CF2-A563-B7733623145B}.Release|Any CPU.Build.0 = Release|Any CPU
		{460E9C38-2C26-465E-9F50-94BC155E184F}.Debug|Any CPU.ActiveCfg = Debug|Any CPU
		{460E9C38-2C26-465E-9F50-94BC155E184F}.Debug|Any CPU.Build.0 = Debug|Any CPU
		{460E9C38-2C26-465E-9F50-94BC155E184F}.Release|Any CPU.ActiveCfg = Release|Any CPU
		{460E9C38-2C26-465E-9F50-94BC155E184F}.Release|Any CPU.Build.0 = Release|Any CPU
		{A7AA5186-B80F-4CE7-90EC-D1674CBCED5F}.Debug|Any CPU.ActiveCfg = Debug|Any CPU
		{A7AA5186-B80F-4CE7-90EC-D1674CBCED5F}.Debug|Any CPU.Build.0 = Debug|Any CPU
		{A7AA5186-B80F-4CE7-90EC-D1674CBCED5F}.Release|Any CPU.ActiveCfg = Release|Any CPU
		{A7AA5186-B80F-4CE7-90EC-D1674CBCED5F}.Release|Any CPU.Build.0 = Release|Any CPU
		{1F26F62A-B6F1-470A-9E0D-496089DF8D5C}.Debug|Any CPU.ActiveCfg = Debug|Any CPU
		{1F26F62A-B6F1-470A-9E0D-496089DF8D5C}.Debug|Any CPU.Build.0 = Debug|Any CPU
		{1F26F62A-B6F1-470A-9E0D-496089DF8D5C}.Release|Any CPU.ActiveCfg = Release|Any CPU
		{1F26F62A-B6F1-470A-9E0D-496089DF8D5C}.Release|Any CPU.Build.0 = Release|Any CPU
		{67E90D35-A458-4451-903D-B0FF6BAA5776}.Debug|Any CPU.ActiveCfg = Debug|Any CPU
		{67E90D35-A458-4451-903D-B0FF6BAA5776}.Debug|Any CPU.Build.0 = Debug|Any CPU
		{67E90D35-A458-4451-903D-B0FF6BAA5776}.Release|Any CPU.ActiveCfg = Release|Any CPU
		{67E90D35-A458-4451-903D-B0FF6BAA5776}.Release|Any CPU.Build.0 = Release|Any CPU
		{AB48768D-7660-43FE-B667-651ABA1B83F1}.Debug|Any CPU.ActiveCfg = Debug|Any CPU
		{AB48768D-7660-43FE-B667-651ABA1B83F1}.Debug|Any CPU.Build.0 = Debug|Any CPU
		{AB48768D-7660-43FE-B667-651ABA1B83F1}.Release|Any CPU.ActiveCfg = Release|Any CPU
		{AB48768D-7660-43FE-B667-651ABA1B83F1}.Release|Any CPU.Build.0 = Release|Any CPU
		{0FC0F9D0-563F-42EF-BF51-C3685D108636}.Debug|Any CPU.ActiveCfg = Debug|Any CPU
		{0FC0F9D0-563F-42EF-BF51-C3685D108636}.Debug|Any CPU.Build.0 = Debug|Any CPU
		{0FC0F9D0-563F-42EF-BF51-C3685D108636}.Release|Any CPU.ActiveCfg = Release|Any CPU
		{0FC0F9D0-563F-42EF-BF51-C3685D108636}.Release|Any CPU.Build.0 = Release|Any CPU
		{503F836D-FF64-4513-AD0C-5960AFFE9CC7}.Debug|Any CPU.ActiveCfg = Debug|Any CPU
		{503F836D-FF64-4513-AD0C-5960AFFE9CC7}.Debug|Any CPU.Build.0 = Debug|Any CPU
		{503F836D-FF64-4513-AD0C-5960AFFE9CC7}.Release|Any CPU.ActiveCfg = Release|Any CPU
		{503F836D-FF64-4513-AD0C-5960AFFE9CC7}.Release|Any CPU.Build.0 = Release|Any CPU
		{03D04510-C669-45C6-A766-90420122E8F0}.Debug|Any CPU.ActiveCfg = Debug|Any CPU
		{03D04510-C669-45C6-A766-90420122E8F0}.Debug|Any CPU.Build.0 = Debug|Any CPU
		{03D04510-C669-45C6-A766-90420122E8F0}.Release|Any CPU.ActiveCfg = Release|Any CPU
		{03D04510-C669-45C6-A766-90420122E8F0}.Release|Any CPU.Build.0 = Release|Any CPU
	EndGlobalSection
	GlobalSection(SolutionProperties) = preSolution
		HideSolutionNode = FALSE
	EndGlobalSection
	GlobalSection(ExtensibilityGlobals) = postSolution
		SolutionGuid = {65E63692-1835-4B27-939E-0FD6C47B3987}
	EndGlobalSection
EndGlobal
